
Microsoft Visual Studio Solution File, Format Version 12.00
# Visual Studio Version 17
VisualStudioVersion = 17.0.31612.314
MinimumVisualStudioVersion = 10.0.40219.1
Project("{2150E333-8FDC-42A3-9474-1A3956D46DE8}") = "Packages", "Packages", "{D916793E-B733-4749-816E-53C9F0E2CEE5}"
EndProject
Project("{2150E333-8FDC-42A3-9474-1A3956D46DE8}") = "Tests", "Tests", "{5A5E5D50-292A-4D8F-8F20-1608C96B7E0D}"
EndProject
Project("{9A19103F-16F7-4668-BE54-9A1E7A4F7556}") = "Furion", "Furion\Furion.csproj", "{2F5005E8-4F32-4DFE-8696-0CE475720072}"
EndProject
Project("{2150E333-8FDC-42A3-9474-1A3956D46DE8}") = "Solution Items", "Solution Items", "{3F897D46-F674-467A-BF94-FB93CACDF577}"
	ProjectSection(SolutionItems) = preProject
		.editorconfig = .editorconfig
	EndProjectSection
EndProject
Project("{9A19103F-16F7-4668-BE54-9A1E7A4F7556}") = "Furion.UnitTests", "..\tests\Furion.UnitTests\Furion.UnitTests.csproj", "{365AB77E-CF51-4074-A4F5-18EFB0BBE26B}"
EndProject
Project("{2150E333-8FDC-42A3-9474-1A3956D46DE8}") = "Samples", "Samples", "{A3A3DE95-3C43-4BB2-BB19-D2590791177B}"
EndProject
Project("{9A19103F-16F7-4668-BE54-9A1E7A4F7556}") = "Furion.AppSamples", "..\samples\Furion.AppSamples\Furion.AppSamples.csproj", "{7D8B88D0-8E6D-4B86-86D8-3DC00506A83C}"
EndProject
Project("{9A19103F-16F7-4668-BE54-9A1E7A4F7556}") = "Furion.IntegrationTests", "..\tests\Furion.IntegrationTests\Furion.IntegrationTests.csproj", "{622976EA-C8FF-4E37-9B4B-D7C7AAB601C9}"
EndProject
Project("{9A19103F-16F7-4668-BE54-9A1E7A4F7556}") = "Furion.ConfigurationSamples", "..\samples\Furion.ConfigurationSamples\Furion.ConfigurationSamples.csproj", "{99A92220-A9A9-410C-968C-D8340176A311}"
EndProject
Project("{9A19103F-16F7-4668-BE54-9A1E7A4F7556}") = "Furion.EventBusSamples", "..\samples\Furion.EventBusSamples\Furion.EventBusSamples.csproj", "{3D9C1B80-2409-4834-BAEA-4AF144EC9BEC}"
EndProject
Project("{FAE04EC0-301F-11D3-BF4B-00C04F79EFBC}") = "Furion.Core", "Furion.Core\Furion.Core.csproj", "{21FE1CDE-72D1-4ED1-9241-A1076EDBDFE2}"
EndProject
Global
	GlobalSection(SolutionConfigurationPlatforms) = preSolution
		Debug|Any CPU = Debug|Any CPU
		Release|Any CPU = Release|Any CPU
	EndGlobalSection
	GlobalSection(ProjectConfigurationPlatforms) = postSolution
		{2F5005E8-4F32-4DFE-8696-0CE475720072}.Debug|Any CPU.ActiveCfg = Debug|Any CPU
		{2F5005E8-4F32-4DFE-8696-0CE475720072}.Debug|Any CPU.Build.0 = Debug|Any CPU
		{2F5005E8-4F32-4DFE-8696-0CE475720072}.Release|Any CPU.ActiveCfg = Release|Any CPU
		{2F5005E8-4F32-4DFE-8696-0CE475720072}.Release|Any CPU.Build.0 = Release|Any CPU
		{365AB77E-CF51-4074-A4F5-18EFB0BBE26B}.Debug|Any CPU.ActiveCfg = Debug|Any CPU
		{365AB77E-CF51-4074-A4F5-18EFB0BBE26B}.Debug|Any CPU.Build.0 = Debug|Any CPU
		{365AB77E-CF51-4074-A4F5-18EFB0BBE26B}.Release|Any CPU.ActiveCfg = Release|Any CPU
		{365AB77E-CF51-4074-A4F5-18EFB0BBE26B}.Release|Any CPU.Build.0 = Release|Any CPU
		{7D8B88D0-8E6D-4B86-86D8-3DC00506A83C}.Debug|Any CPU.ActiveCfg = Debug|Any CPU
		{7D8B88D0-8E6D-4B86-86D8-3DC00506A83C}.Debug|Any CPU.Build.0 = Debug|Any CPU
		{7D8B88D0-8E6D-4B86-86D8-3DC00506A83C}.Release|Any CPU.ActiveCfg = Release|Any CPU
		{7D8B88D0-8E6D-4B86-86D8-3DC00506A83C}.Release|Any CPU.Build.0 = Release|Any CPU
		{622976EA-C8FF-4E37-9B4B-D7C7AAB601C9}.Debug|Any CPU.ActiveCfg = Debug|Any CPU
		{622976EA-C8FF-4E37-9B4B-D7C7AAB601C9}.Debug|Any CPU.Build.0 = Debug|Any CPU
		{622976EA-C8FF-4E37-9B4B-D7C7AAB601C9}.Release|Any CPU.ActiveCfg = Release|Any CPU
		{622976EA-C8FF-4E37-9B4B-D7C7AAB601C9}.Release|Any CPU.Build.0 = Release|Any CPU
		{99A92220-A9A9-410C-968C-D8340176A311}.Debug|Any CPU.ActiveCfg = Debug|Any CPU
		{99A92220-A9A9-410C-968C-D8340176A311}.Debug|Any CPU.Build.0 = Debug|Any CPU
		{99A92220-A9A9-410C-968C-D8340176A311}.Release|Any CPU.ActiveCfg = Release|Any CPU
		{99A92220-A9A9-410C-968C-D8340176A311}.Release|Any CPU.Build.0 = Release|Any CPU
		{3D9C1B80-2409-4834-BAEA-4AF144EC9BEC}.Debug|Any CPU.ActiveCfg = Debug|Any CPU
		{3D9C1B80-2409-4834-BAEA-4AF144EC9BEC}.Debug|Any CPU.Build.0 = Debug|Any CPU
		{3D9C1B80-2409-4834-BAEA-4AF144EC9BEC}.Release|Any CPU.ActiveCfg = Release|Any CPU
		{3D9C1B80-2409-4834-BAEA-4AF144EC9BEC}.Release|Any CPU.Build.0 = Release|Any CPU
		{21FE1CDE-72D1-4ED1-9241-A1076EDBDFE2}.Debug|Any CPU.ActiveCfg = Debug|Any CPU
		{21FE1CDE-72D1-4ED1-9241-A1076EDBDFE2}.Debug|Any CPU.Build.0 = Debug|Any CPU
		{21FE1CDE-72D1-4ED1-9241-A1076EDBDFE2}.Release|Any CPU.ActiveCfg = Release|Any CPU
		{21FE1CDE-72D1-4ED1-9241-A1076EDBDFE2}.Release|Any CPU.Build.0 = Release|Any CPU
	EndGlobalSection
	GlobalSection(SolutionProperties) = preSolution
		HideSolutionNode = FALSE
	EndGlobalSection
	GlobalSection(NestedProjects) = preSolution
		{2F5005E8-4F32-4DFE-8696-0CE475720072} = {D916793E-B733-4749-816E-53C9F0E2CEE5}
		{365AB77E-CF51-4074-A4F5-18EFB0BBE26B} = {5A5E5D50-292A-4D8F-8F20-1608C96B7E0D}
		{7D8B88D0-8E6D-4B86-86D8-3DC00506A83C} = {A3A3DE95-3C43-4BB2-BB19-D2590791177B}
		{622976EA-C8FF-4E37-9B4B-D7C7AAB601C9} = {5A5E5D50-292A-4D8F-8F20-1608C96B7E0D}
		{99A92220-A9A9-410C-968C-D8340176A311} = {A3A3DE95-3C43-4BB2-BB19-D2590791177B}
		{3D9C1B80-2409-4834-BAEA-4AF144EC9BEC} = {A3A3DE95-3C43-4BB2-BB19-D2590791177B}
		{21FE1CDE-72D1-4ED1-9241-A1076EDBDFE2} = {D916793E-B733-4749-816E-53C9F0E2CEE5}
	EndGlobalSection
	GlobalSection(ExtensibilityGlobals) = postSolution
		SolutionGuid = {E763CD91-CB16-429F-9BC5-04117852A67D}
	EndGlobalSection
EndGlobal
